// !$*UTF8*$!
{
	archiveVersion = 1;
	classes = {
	};
	objectVersion = 46;
	objects = {

/* Begin PBXBuildFile section */
		31BF320916E03B6800752EBF /* Cocoa.framework in Frameworks */ = {isa = PBXBuildFile; fileRef = 31BF320816E03B6800752EBF /* Cocoa.framework */; };
		31BF321316E03B6800752EBF /* InfoPlist.strings in Resources */ = {isa = PBXBuildFile; fileRef = 31BF321116E03B6800752EBF /* InfoPlist.strings */; };
		31BF321516E03B6800752EBF /* main.m in Sources */ = {isa = PBXBuildFile; fileRef = 31BF321416E03B6800752EBF /* main.m */; };
		31BF321916E03B6800752EBF /* Credits.rtf in Resources */ = {isa = PBXBuildFile; fileRef = 31BF321716E03B6800752EBF /* Credits.rtf */; };
		31BF321C16E03B6800752EBF /* PRHDocument.m in Sources */ = {isa = PBXBuildFile; fileRef = 31BF321B16E03B6800752EBF /* PRHDocument.m */; };
		31BF321F16E03B6900752EBF /* PRHDocument.xib in Resources */ = {isa = PBXBuildFile; fileRef = 31BF321D16E03B6900752EBF /* PRHDocument.xib */; };
		31BF322216E03B6900752EBF /* MainMenu.xib in Resources */ = {isa = PBXBuildFile; fileRef = 31BF322016E03B6900752EBF /* MainMenu.xib */; };
/* End PBXBuildFile section */

/* Begin PBXFileReference section */
		31BF320516E03B6800752EBF /* PNG DPI.app */ = {isa = PBXFileReference; explicitFileType = wrapper.application; includeInIndex = 0; path = "PNG DPI.app"; sourceTree = BUILT_PRODUCTS_DIR; };
		31BF320816E03B6800752EBF /* Cocoa.framework */ = {isa = PBXFileReference; lastKnownFileType = wrapper.framework; name = Cocoa.framework; path = System/Library/Frameworks/Cocoa.framework; sourceTree = SDKROOT; };
		31BF320B16E03B6800752EBF /* AppKit.framework */ = {isa = PBXFileReference; lastKnownFileType = wrapper.framework; name = AppKit.framework; path = System/Library/Frameworks/AppKit.framework; sourceTree = SDKROOT; };
		31BF320C16E03B6800752EBF /* CoreData.framework */ = {isa = PBXFileReference; lastKnownFileType = wrapper.framework; name = CoreData.framework; path = System/Library/Frameworks/CoreData.framework; sourceTree = SDKROOT; };
		31BF320D16E03B6800752EBF /* Foundation.framework */ = {isa = PBXFileReference; lastKnownFileType = wrapper.framework; name = Foundation.framework; path = System/Library/Frameworks/Foundation.framework; sourceTree = SDKROOT; };
		31BF321016E03B6800752EBF /* PNG DPI-Info.plist */ = {isa = PBXFileReference; lastKnownFileType = text.plist.xml; path = "PNG DPI-Info.plist"; sourceTree = "<group>"; };
		31BF321216E03B6800752EBF /* en */ = {isa = PBXFileReference; lastKnownFileType = text.plist.strings; name = en; path = en.lproj/InfoPlist.strings; sourceTree = "<group>"; };
		31BF321416E03B6800752EBF /* main.m */ = {isa = PBXFileReference; lastKnownFileType = sourcecode.c.objc; path = main.m; sourceTree = "<group>"; };
		31BF321616E03B6800752EBF /* PNG DPI-Prefix.pch */ = {isa = PBXFileReference; lastKnownFileType = sourcecode.c.h; path = "PNG DPI-Prefix.pch"; sourceTree = "<group>"; };
		31BF321816E03B6800752EBF /* en */ = {isa = PBXFileReference; lastKnownFileType = text.rtf; name = en; path = en.lproj/Credits.rtf; sourceTree = "<group>"; };
		31BF321A16E03B6800752EBF /* PRHDocument.h */ = {isa = PBXFileReference; lastKnownFileType = sourcecode.c.h; path = PRHDocument.h; sourceTree = "<group>"; };
		31BF321B16E03B6800752EBF /* PRHDocument.m */ = {isa = PBXFileReference; lastKnownFileType = sourcecode.c.objc; path = PRHDocument.m; sourceTree = "<group>"; };
		31BF321E16E03B6900752EBF /* en */ = {isa = PBXFileReference; lastKnownFileType = file.xib; name = en; path = en.lproj/PRHDocument.xib; sourceTree = "<group>"; };
		31BF322116E03B6900752EBF /* en */ = {isa = PBXFileReference; lastKnownFileType = file.xib; name = en; path = en.lproj/MainMenu.xib; sourceTree = "<group>"; };
/* End PBXFileReference section */

/* Begin PBXFrameworksBuildPhase section */
		31BF320216E03B6800752EBF /* Frameworks */ = {
			isa = PBXFrameworksBuildPhase;
			buildActionMask = 2147483647;
			files = (
				31BF320916E03B6800752EBF /* Cocoa.framework in Frameworks */,
			);
			runOnlyForDeploymentPostprocessing = 0;
		};
/* End PBXFrameworksBuildPhase section */

/* Begin PBXGroup section */
		31BF31FC16E03B6800752EBF = {
			isa = PBXGroup;
			children = (
				31BF320E16E03B6800752EBF /* PNG DPI */,
				31BF320716E03B6800752EBF /* Frameworks */,
				31BF320616E03B6800752EBF /* Products */,
			);
			sourceTree = "<group>";
		};
		31BF320616E03B6800752EBF /* Products */ = {
			isa = PBXGroup;
			children = (
				31BF320516E03B6800752EBF /* PNG DPI.app */,
			);
			name = Products;
			sourceTree = "<group>";
		};
		31BF320716E03B6800752EBF /* Frameworks */ = {
			isa = PBXGroup;
			children = (
				31BF320816E03B6800752EBF /* Cocoa.framework */,
				31BF320A16E03B6800752EBF /* Other Frameworks */,
			);
			name = Frameworks;
			sourceTree = "<group>";
		};
		31BF320A16E03B6800752EBF /* Other Frameworks */ = {
			isa = PBXGroup;
			children = (
				31BF320B16E03B6800752EBF /* AppKit.framework */,
				31BF320C16E03B6800752EBF /* CoreData.framework */,
				31BF320D16E03B6800752EBF /* Foundation.framework */,
			);
			name = "Other Frameworks";
			sourceTree = "<group>";
		};
		31BF320E16E03B6800752EBF /* PNG DPI */ = {
			isa = PBXGroup;
			children = (
				31BF322016E03B6900752EBF /* MainMenu.xib */,
				31BF321A16E03B6800752EBF /* PRHDocument.h */,
				31BF321B16E03B6800752EBF /* PRHDocument.m */,
				31BF321D16E03B6900752EBF /* PRHDocument.xib */,
				31BF320F16E03B6800752EBF /* Supporting Files */,
			);
			path = "PNG DPI";
			sourceTree = "<group>";
		};
		31BF320F16E03B6800752EBF /* Supporting Files */ = {
			isa = PBXGroup;
			children = (
				31BF321016E03B6800752EBF /* PNG DPI-Info.plist */,
				31BF321116E03B6800752EBF /* InfoPlist.strings */,
				31BF321416E03B6800752EBF /* main.m */,
				31BF321616E03B6800752EBF /* PNG DPI-Prefix.pch */,
				31BF321716E03B6800752EBF /* Credits.rtf */,
			);
			name = "Supporting Files";
			sourceTree = "<group>";
		};
/* End PBXGroup section */

/* Begin PBXNativeTarget section */
		31BF320416E03B6800752EBF /* PNG DPI */ = {
			isa = PBXNativeTarget;
			buildConfigurationList = 31BF322516E03B6900752EBF /* Build configuration list for PBXNativeTarget "PNG DPI" */;
			buildPhases = (
				31BF320116E03B6800752EBF /* Sources */,
				31BF320216E03B6800752EBF /* Frameworks */,
				31BF320316E03B6800752EBF /* Resources */,
			);
			buildRules = (
			);
			dependencies = (
			);
			name = "PNG DPI";
			productName = "PNG DPI";
			productReference = 31BF320516E03B6800752EBF /* PNG DPI.app */;
			productType = "com.apple.product-type.application";
		};
/* End PBXNativeTarget section */

/* Begin PBXProject section */
		31BF31FD16E03B6800752EBF /* Project object */ = {
			isa = PBXProject;
			attributes = {
				CLASSPREFIX = PRH;
				LastUpgradeCheck = 0460;
				ORGANIZATIONNAME = "Peter Hosey";
			};
			buildConfigurationList = 31BF320016E03B6800752EBF /* Build configuration list for PBXProject "PNG DPI" */;
			compatibilityVersion = "Xcode 3.2";
			developmentRegion = English;
			hasScannedForEncodings = 0;
			knownRegions = (
				en,
			);
			mainGroup = 31BF31FC16E03B6800752EBF;
			productRefGroup = 31BF320616E03B6800752EBF /* Products */;
			projectDirPath = "";
			projectRoot = "";
			targets = (
				31BF320416E03B6800752EBF /* PNG DPI */,
			);
		};
/* End PBXProject section */

/* Begin PBXResourcesBuildPhase section */
		31BF320316E03B6800752EBF /* Resources */ = {
			isa = PBXResourcesBuildPhase;
			buildActionMask = 2147483647;
			files = (
				31BF321316E03B6800752EBF /* InfoPlist.strings in Resources */,
				31BF321916E03B6800752EBF /* Credits.rtf in Resources */,
				31BF321F16E03B6900752EBF /* PRHDocument.xib in Resources */,
				31BF322216E03B6900752EBF /* MainMenu.xib in Resources */,
			);
			runOnlyForDeploymentPostprocessing = 0;
		};
/* End PBXResourcesBuildPhase section */

/* Begin PBXSourcesBuildPhase section */
		31BF320116E03B6800752EBF /* Sources */ = {
			isa = PBXSourcesBuildPhase;
			buildActionMask = 2147483647;
			files = (
				31BF321516E03B6800752EBF /* main.m in Sources */,
				31BF321C16E03B6800752EBF /* PRHDocument.m in Sources */,
			);
			runOnlyForDeploymentPostprocessing = 0;
		};
/* End PBXSourcesBuildPhase section */

/* Begin PBXVariantGroup section */
		31BF321116E03B6800752EBF /* InfoPlist.strings */ = {
			isa = PBXVariantGroup;
			children = (
				31BF321216E03B6800752EBF /* en */,
			);
			name = InfoPlist.strings;
			sourceTree = "<group>";
		};
		31BF321716E03B6800752EBF /* Credits.rtf */ = {
			isa = PBXVariantGroup;
			children = (
				31BF321816E03B6800752EBF /* en */,
			);
			name = Credits.rtf;
			sourceTree = "<group>";
		};
		31BF321D16E03B6900752EBF /* PRHDocument.xib */ = {
			isa = PBXVariantGroup;
			children = (
				31BF321E16E03B6900752EBF /* en */,
			);
			name = PRHDocument.xib;
			sourceTree = "<group>";
		};
		31BF322016E03B6900752EBF /* MainMenu.xib */ = {
			isa = PBXVariantGroup;
			children = (
				31BF322116E03B6900752EBF /* en */,
			);
			name = MainMenu.xib;
			sourceTree = "<group>";
		};
/* End PBXVariantGroup section */

/* Begin XCBuildConfiguration section */
		31BF322316E03B6900752EBF /* Debug */ = {
			isa = XCBuildConfiguration;
			buildSettings = {
				ALWAYS_SEARCH_USER_PATHS = NO;
				ARCHS = "$(ARCHS_STANDARD_64_BIT)";
				CLANG_CXX_LANGUAGE_STANDARD = "gnu++0x";
				CLANG_CXX_LIBRARY = "libc++";
				CLANG_ENABLE_OBJC_ARC = YES;
				CLANG_WARN_CONSTANT_CONVERSION = YES;
				CLANG_WARN_EMPTY_BODY = YES;
				CLANG_WARN_ENUM_CONVERSION = YES;
				CLANG_WARN_INT_CONVERSION = YES;
				CLANG_WARN__DUPLICATE_METHOD_MATCH = YES;
				COPY_PHASE_STRIP = NO;
				GCC_C_LANGUAGE_STANDARD = gnu99;
				GCC_DYNAMIC_NO_PIC = NO;
				GCC_ENABLE_OBJC_EXCEPTIONS = YES;
				GCC_OPTIMIZATION_LEVEL = 0;
				GCC_PREPROCESSOR_DEFINITIONS = (
					"DEBUG=1",
					"$(inherited)",
				);
				GCC_SYMBOLS_PRIVATE_EXTERN = NO;
				GCC_WARN_64_TO_32_BIT_CONVERSION = YES;
				GCC_WARN_ABOUT_RETURN_TYPE = YES;
				GCC_WARN_UNINITIALIZED_AUTOS = YES;
				GCC_WARN_UNUSED_VARIABLE = YES;
				MACOSX_DEPLOYMENT_TARGET = 10.7;
				ONLY_ACTIVE_ARCH = YES;
				SDKROOT = macosx;
			};
			name = Debug;
		};
		31BF322416E03B6900752EBF /* Release */ = {
			isa = XCBuildConfiguration;
			buildSettings = {
				ALWAYS_SEARCH_USER_PATHS = NO;
				ARCHS = "$(ARCHS_STANDARD_64_BIT)";
				CLANG_CXX_LANGUAGE_STANDARD = "gnu++0x";
				CLANG_CXX_LIBRARY = "libc++";
				CLANG_ENABLE_OBJC_ARC = YES;
				CLANG_WARN_CONSTANT_CONVERSION = YES;
				CLANG_WARN_EMPTY_BODY = YES;
				CLANG_WARN_ENUM_CONVERSION = YES;
				CLANG_WARN_INT_CONVERSION = YES;
				CLANG_WARN__DUPLICATE_METHOD_MATCH = YES;
				COPY_PHASE_STRIP = YES;
				DEBUG_INFORMATION_FORMAT = "dwarf-with-dsym";
				GCC_C_LANGUAGE_STANDARD = gnu99;
				GCC_ENABLE_OBJC_EXCEPTIONS = YES;
				GCC_WARN_64_TO_32_BIT_CONVERSION = YES;
				GCC_WARN_ABOUT_RETURN_TYPE = YES;
				GCC_WARN_UNINITIALIZED_AUTOS = YES;
				GCC_WARN_UNUSED_VARIABLE = YES;
				MACOSX_DEPLOYMENT_TARGET = 10.7;
				SDKROOT = macosx;
			};
			name = Release;
		};
		31BF322616E03B6900752EBF /* Debug */ = {
			isa = XCBuildConfiguration;
			buildSettings = {
				COMBINE_HIDPI_IMAGES = YES;
				GCC_PRECOMPILE_PREFIX_HEADER = YES;
				GCC_PREFIX_HEADER = "PNG DPI/PNG DPI-Prefix.pch";
				INFOPLIST_FILE = "PNG DPI/PNG DPI-Info.plist";
				PRODUCT_NAME = "$(TARGET_NAME)";
				WRAPPER_EXTENSION = app;
			};
			name = Debug;
		};
		31BF322716E03B6900752EBF /* Release */ = {
			isa = XCBuildConfiguration;
			buildSettings = {
				COMBINE_HIDPI_IMAGES = YES;
				GCC_PRECOMPILE_PREFIX_HEADER = YES;
				GCC_PREFIX_HEADER = "PNG DPI/PNG DPI-Prefix.pch";
				INFOPLIST_FILE = "PNG DPI/PNG DPI-Info.plist";
				PRODUCT_NAME = "$(TARGET_NAME)";
				WRAPPER_EXTENSION = app;
			};
			name = Release;
		};
/* End XCBuildConfiguration section */

/* Begin XCConfigurationList section */
		31BF320016E03B6800752EBF /* Build configuration list for PBXProject "PNG DPI" */ = {
			isa = XCConfigurationList;
			buildConfigurations = (
				31BF322316E03B6900752EBF /* Debug */,
				31BF322416E03B6900752EBF /* Release */,
			);
			defaultConfigurationIsVisible = 0;
			defaultConfigurationName = Release;
		};
		31BF322516E03B6900752EBF /* Build configuration list for PBXNativeTarget "PNG DPI" */ = {
			isa = XCConfigurationList;
			buildConfigurations = (
				31BF322616E03B6900752EBF /* Debug */,
				31BF322716E03B6900752EBF /* Release */,
			);
			defaultConfigurationIsVisible = 0;
			defaultConfigurationName = Release;
		};
/* End XCConfigurationList section */
	};
	rootObject = 31BF31FD16E03B6800752EBF /* Project object */;
}
